
Microsoft Visual Studio Solution File, Format Version 12.00
# Visual Studio 15
VisualStudioVersion = 15.0.27130.2027
MinimumVisualStudioVersion = 10.0.40219.1
Project("{FAE04EC0-301F-11D3-BF4B-00C04F79EFBC}") = "ContestWarmUp2018", "ContestWarmUp2018\ContestWarmUp2018.csproj", "{BF801472-F6A6-47A2-B6A7-5E7D4D8700A6}"
EndProject
Global
	GlobalSection(SolutionConfigurationPlatforms) = preSolution
		Debug|Any CPU = Debug|Any CPU
		Release|Any CPU = Release|Any CPU
	EndGlobalSection
	GlobalSection(ProjectConfigurationPlatforms) = postSolution
		{BF801472-F6A6-47A2-B6A7-5E7D4D8700A6}.Debug|Any CPU.ActiveCfg = Debug|Any CPU
		{BF801472-F6A6-47A2-B6A7-5E7D4D8700A6}.Debug|Any CPU.Build.0 = Debug|Any CPU
		{BF801472-F6A6-47A2-B6A7-5E7D4D8700A6}.Release|Any CPU.ActiveCfg = Release|Any CPU
		{BF801472-F6A6-47A2-B6A7-5E7D4D8700A6}.Release|Any CPU.Build.0 = Release|Any CPU
	EndGlobalSection
	GlobalSection(SolutionProperties) = preSolution
		HideSolutionNode = FALSE
	EndGlobalSection
	GlobalSection(ExtensibilityGlobals) = postSolution
		SolutionGuid = {A96E2E5A-2122-4372-BBD8-E8930C5E9761}
	EndGlobalSection
EndGlobal
